{
  "name": "cordova-plugin-email-composer",
  "version": "0.10.1",
  "lockfileVersion": 3,
  "requires": true,
  "packages": {
    "": {
      "name": "cordova-plugin-email-composer",
      "version": "0.10.1",
      "license": "Apache-2.0",
      "engines": {
        "cordovaDependencies": {
          "0.10.1": {
            "cordova": ">=12.0.0",
            "cordova-android": ">=15.0.0",
            "cordova-ios": ">=8.1.0"
          }
        }
      }
    }
  }
}
